
Microsoft Visual Studio Solution File, Format Version 12.00
# Visual Studio 15
VisualStudioVersion = 15.0.27130.2027
MinimumVisualStudioVersion = 10.0.40219.1
Project("{FAE04EC0-301F-11D3-BF4B-00C04F79EFBC}") = "Dash", "Dash.csproj", "{7355FA95-4259-465B-8C8D-26DEED418788}"
	ProjectSection(ProjectDependencies) = postProject
		{A8CBE04A-A64E-431C-863D-7AB72EA8F567} = {A8CBE04A-A64E-431C-863D-7AB72EA8F567}
	EndProjectSection
EndProject
Project("{9A19103F-16F7-4668-BE54-9A1E7A4F7556}") = "DashShared", "DashShared\DashShared.csproj", "{4A1E5C52-06B9-436C-8FE0-8238809C1F57}"
EndProject
Project("{FAE04EC0-301F-11D3-BF4B-00C04F79EFBC}") = "Office.Interop", "Office.Interop\Office.Interop.csproj", "{A8CBE04A-A64E-431C-863D-7AB72EA8F567}"
EndProject
Project("{2150E333-8FDC-42A3-9474-1A3956D46DE8}") = "Solution Items", "Solution Items", "{A1854759-A01E-47DB-8975-20895059548C}"
	ProjectSection(SolutionItems) = preProject
		.editorconfig = .editorconfig
	EndProjectSection
EndProject
Global
	GlobalSection(SolutionConfigurationPlatforms) = preSolution
		Debug|Any CPU = Debug|Any CPU
		Debug|ARM = Debug|ARM
		Debug|x64 = Debug|x64
		Debug|x86 = Debug|x86
		Release|Any CPU = Release|Any CPU
		Release|ARM = Release|ARM
		Release|x64 = Release|x64
		Release|x86 = Release|x86
	EndGlobalSection
	GlobalSection(ProjectConfigurationPlatforms) = postSolution
		{7355FA95-4259-465B-8C8D-26DEED418788}.Debug|Any CPU.ActiveCfg = Debug|x86
		{7355FA95-4259-465B-8C8D-26DEED418788}.Debug|Any CPU.Build.0 = Debug|x86
		{7355FA95-4259-465B-8C8D-26DEED418788}.Debug|Any CPU.Deploy.0 = Debug|x86
		{7355FA95-4259-465B-8C8D-26DEED418788}.Debug|ARM.ActiveCfg = Debug|ARM
		{7355FA95-4259-465B-8C8D-26DEED418788}.Debug|ARM.Build.0 = Debug|ARM
		{7355FA95-4259-465B-8C8D-26DEED418788}.Debug|ARM.Deploy.0 = Debug|ARM
		{7355FA95-4259-465B-8C8D-26DEED418788}.Debug|x64.ActiveCfg = Debug|x64
		{7355FA95-4259-465B-8C8D-26DEED418788}.Debug|x64.Build.0 = Debug|x64
		{7355FA95-4259-465B-8C8D-26DEED418788}.Debug|x64.Deploy.0 = Debug|x64
		{7355FA95-4259-465B-8C8D-26DEED418788}.Debug|x86.ActiveCfg = Debug|x86
		{7355FA95-4259-465B-8C8D-26DEED418788}.Debug|x86.Build.0 = Debug|x86
		{7355FA95-4259-465B-8C8D-26DEED418788}.Debug|x86.Deploy.0 = Debug|x86
		{7355FA95-4259-465B-8C8D-26DEED418788}.Release|Any CPU.ActiveCfg = Release|x86
		{7355FA95-4259-465B-8C8D-26DEED418788}.Release|Any CPU.Build.0 = Release|x86
		{7355FA95-4259-465B-8C8D-26DEED418788}.Release|Any CPU.Deploy.0 = Release|x86
		{7355FA95-4259-465B-8C8D-26DEED418788}.Release|ARM.ActiveCfg = Release|ARM
		{7355FA95-4259-465B-8C8D-26DEED418788}.Release|ARM.Build.0 = Release|ARM
		{7355FA95-4259-465B-8C8D-26DEED418788}.Release|ARM.Deploy.0 = Release|ARM
		{7355FA95-4259-465B-8C8D-26DEED418788}.Release|x64.ActiveCfg = Release|x64
		{7355FA95-4259-465B-8C8D-26DEED418788}.Release|x64.Build.0 = Release|x64
		{7355FA95-4259-465B-8C8D-26DEED418788}.Release|x64.Deploy.0 = Release|x64
		{7355FA95-4259-465B-8C8D-26DEED418788}.Release|x86.ActiveCfg = Release|x86
		{7355FA95-4259-465B-8C8D-26DEED418788}.Release|x86.Build.0 = Release|x86
		{7355FA95-4259-465B-8C8D-26DEED418788}.Release|x86.Deploy.0 = Release|x86
		{4A1E5C52-06B9-436C-8FE0-8238809C1F57}.Debug|Any CPU.ActiveCfg = Debug|Any CPU
		{4A1E5C52-06B9-436C-8FE0-8238809C1F57}.Debug|Any CPU.Build.0 = Debug|Any CPU
		{4A1E5C52-06B9-436C-8FE0-8238809C1F57}.Debug|ARM.ActiveCfg = Debug|Any CPU
		{4A1E5C52-06B9-436C-8FE0-8238809C1F57}.Debug|ARM.Build.0 = Debug|Any CPU
		{4A1E5C52-06B9-436C-8FE0-8238809C1F57}.Debug|x64.ActiveCfg = Debug|Any CPU
		{4A1E5C52-06B9-436C-8FE0-8238809C1F57}.Debug|x64.Build.0 = Debug|Any CPU
		{4A1E5C52-06B9-436C-8FE0-8238809C1F57}.Debug|x86.ActiveCfg = Debug|Any CPU
		{4A1E5C52-06B9-436C-8FE0-8238809C1F57}.Debug|x86.Build.0 = Debug|Any CPU
		{4A1E5C52-06B9-436C-8FE0-8238809C1F57}.Release|Any CPU.ActiveCfg = Release|Any CPU
		{4A1E5C52-06B9-436C-8FE0-8238809C1F57}.Release|Any CPU.Build.0 = Release|Any CPU
		{4A1E5C52-06B9-436C-8FE0-8238809C1F57}.Release|ARM.ActiveCfg = Release|Any CPU
		{4A1E5C52-06B9-436C-8FE0-8238809C1F57}.Release|ARM.Build.0 = Release|Any CPU
		{4A1E5C52-06B9-436C-8FE0-8238809C1F57}.Release|x64.ActiveCfg = Release|Any CPU
		{4A1E5C52-06B9-436C-8FE0-8238809C1F57}.Release|x64.Build.0 = Release|Any CPU
		{4A1E5C52-06B9-436C-8FE0-8238809C1F57}.Release|x86.ActiveCfg = Release|Any CPU
		{4A1E5C52-06B9-436C-8FE0-8238809C1F57}.Release|x86.Build.0 = Release|Any CPU
		{A8CBE04A-A64E-431C-863D-7AB72EA8F567}.Debug|Any CPU.ActiveCfg = Debug|Any CPU
		{A8CBE04A-A64E-431C-863D-7AB72EA8F567}.Debug|Any CPU.Build.0 = Debug|Any CPU
		{A8CBE04A-A64E-431C-863D-7AB72EA8F567}.Debug|ARM.ActiveCfg = Debug|Any CPU
		{A8CBE04A-A64E-431C-863D-7AB72EA8F567}.Debug|ARM.Build.0 = Debug|Any CPU
		{A8CBE04A-A64E-431C-863D-7AB72EA8F567}.Debug|x64.ActiveCfg = Debug|Any CPU
		{A8CBE04A-A64E-431C-863D-7AB72EA8F567}.Debug|x64.Build.0 = Debug|Any CPU
		{A8CBE04A-A64E-431C-863D-7AB72EA8F567}.Debug|x86.ActiveCfg = Debug|Any CPU
		{A8CBE04A-A64E-431C-863D-7AB72EA8F567}.Debug|x86.Build.0 = Debug|Any CPU
		{A8CBE04A-A64E-431C-863D-7AB72EA8F567}.Release|Any CPU.ActiveCfg = Release|Any CPU
		{A8CBE04A-A64E-431C-863D-7AB72EA8F567}.Release|Any CPU.Build.0 = Release|Any CPU
		{A8CBE04A-A64E-431C-863D-7AB72EA8F567}.Release|ARM.ActiveCfg = Release|Any CPU
		{A8CBE04A-A64E-431C-863D-7AB72EA8F567}.Release|ARM.Build.0 = Release|Any CPU
		{A8CBE04A-A64E-431C-863D-7AB72EA8F567}.Release|x64.ActiveCfg = Release|Any CPU
		{A8CBE04A-A64E-431C-863D-7AB72EA8F567}.Release|x64.Build.0 = Release|Any CPU
		{A8CBE04A-A64E-431C-863D-7AB72EA8F567}.Release|x86.ActiveCfg = Release|Any CPU
		{A8CBE04A-A64E-431C-863D-7AB72EA8F567}.Release|x86.Build.0 = Release|Any CPU
	EndGlobalSection
	GlobalSection(SolutionProperties) = preSolution
		HideSolutionNode = FALSE
	EndGlobalSection
	GlobalSection(ExtensibilityGlobals) = postSolution
		SolutionGuid = {DC1EC917-44F0-4575-9E03-B12C4356F85D}
	EndGlobalSection
EndGlobal
